// !$*UTF8*$!
{
	archiveVersion = 1;
	classes = {
	};
	objectVersion = 56;
	objects = {

/* Begin PBXBuildFile section */
		6E762FB20FB5C6068A621AD8 /* Pods_PokeAppTests.framework in Frameworks */ = {isa = PBXBuildFile; fileRef = E784301047981AE00C0A7227 /* Pods_PokeAppTests.framework */; };
		B01C531368F3EA0C7F2D727C /* Pods_PokeApp_PokeAppUITests.framework in Frameworks */ = {isa = PBXBuildFile; fileRef = 5F0DFDDCF63C0986C23BD557 /* Pods_PokeApp_PokeAppUITests.framework */; };
		E0B4214CE40813EFB84CDB1D /* Pods_PokeApp.framework in Frameworks */ = {isa = PBXBuildFile; fileRef = C6DD43D84A2FD10ED1218F44 /* Pods_PokeApp.framework */; };
		F2A1616829227AED00260573 /* AppDelegate.swift in Sources */ = {isa = PBXBuildFile; fileRef = F2A1616729227AED00260573 /* AppDelegate.swift */; };
		F2A1616A29227AED00260573 /* SceneDelegate.swift in Sources */ = {isa = PBXBuildFile; fileRef = F2A1616929227AED00260573 /* SceneDelegate.swift */; };
		F2A1616F29227AED00260573 /* Main.storyboard in Resources */ = {isa = PBXBuildFile; fileRef = F2A1616D29227AED00260573 /* Main.storyboard */; };
		F2A1617429227AF000260573 /* Assets.xcassets in Resources */ = {isa = PBXBuildFile; fileRef = F2A1617329227AF000260573 /* Assets.xcassets */; };
		F2A1617729227AF000260573 /* LaunchScreen.storyboard in Resources */ = {isa = PBXBuildFile; fileRef = F2A1617529227AF000260573 /* LaunchScreen.storyboard */; };
		F2A1618229227AF100260573 /* PokeAppTests.swift in Sources */ = {isa = PBXBuildFile; fileRef = F2A1618129227AF100260573 /* PokeAppTests.swift */; };
		F2A1618C29227AF100260573 /* PokeAppUITests.swift in Sources */ = {isa = PBXBuildFile; fileRef = F2A1618B29227AF100260573 /* PokeAppUITests.swift */; };
		F2A1618E29227AF100260573 /* PokeAppUITestsLaunchTests.swift in Sources */ = {isa = PBXBuildFile; fileRef = F2A1618D29227AF100260573 /* PokeAppUITestsLaunchTests.swift */; };
		F2A161A729229D6500260573 /* MainTableViewCell.swift in Sources */ = {isa = PBXBuildFile; fileRef = F2A161A629229D6500260573 /* MainTableViewCell.swift */; };
		F2A161CF2922B23E00260573 /* CoreDataStack.swift in Sources */ = {isa = PBXBuildFile; fileRef = F2A161CE2922B23E00260573 /* CoreDataStack.swift */; };
		F2A161D12922B33500260573 /* DIContainer.swift in Sources */ = {isa = PBXBuildFile; fileRef = F2A161D02922B33500260573 /* DIContainer.swift */; };
		F2A161D32922B38A00260573 /* Extensions.swift in Sources */ = {isa = PBXBuildFile; fileRef = F2A161D22922B38A00260573 /* Extensions.swift */; };
		F2A161D52922BD9500260573 /* Constants.swift in Sources */ = {isa = PBXBuildFile; fileRef = F2A161D42922BD9500260573 /* Constants.swift */; };
		F2F5434C2922D85300EBB299 /* Pokemon.swift in Sources */ = {isa = PBXBuildFile; fileRef = F2F5434B2922D85300EBB299 /* Pokemon.swift */; };
		F2F543532922DE8100EBB299 /* DataBaseDataSource.swift in Sources */ = {isa = PBXBuildFile; fileRef = F2F543522922DE8100EBB299 /* DataBaseDataSource.swift */; };
		F2F543562922E13C00EBB299 /* PokemonDataModel.xcdatamodeld in Sources */ = {isa = PBXBuildFile; fileRef = F2F543542922E13C00EBB299 /* PokemonDataModel.xcdatamodeld */; };
		F2F5435D2922E24200EBB299 /* PokemonEntity+CoreDataClass.swift in Sources */ = {isa = PBXBuildFile; fileRef = F2F5435B2922E24200EBB299 /* PokemonEntity+CoreDataClass.swift */; };
		F2F5435E2922E24200EBB299 /* PokemonEntity+CoreDataProperties.swift in Sources */ = {isa = PBXBuildFile; fileRef = F2F5435C2922E24200EBB299 /* PokemonEntity+CoreDataProperties.swift */; };
		F2F543602922EA2000EBB299 /* PokemonRepositoryImpl.swift in Sources */ = {isa = PBXBuildFile; fileRef = F2F5435F2922EA2000EBB299 /* PokemonRepositoryImpl.swift */; };
		F2F543622922EA3900EBB299 /* PokemonRepository.swift in Sources */ = {isa = PBXBuildFile; fileRef = F2F543612922EA3900EBB299 /* PokemonRepository.swift */; };
		F2F543642922EAEF00EBB299 /* MainTableViewController.swift in Sources */ = {isa = PBXBuildFile; fileRef = F2F543632922EAEF00EBB299 /* MainTableViewController.swift */; };
		F2F543662922EB0A00EBB299 /* DescripitonViewController.swift in Sources */ = {isa = PBXBuildFile; fileRef = F2F543652922EB0A00EBB299 /* DescripitonViewController.swift */; };
		F2F543682922ED7600EBB299 /* MainTableView.swift in Sources */ = {isa = PBXBuildFile; fileRef = F2F543672922ED7600EBB299 /* MainTableView.swift */; };
		F2F5436A2922EE2700EBB299 /* GetPokemonsUseCase.swift in Sources */ = {isa = PBXBuildFile; fileRef = F2F543692922EE2700EBB299 /* GetPokemonsUseCase.swift */; };
		F2F5436D2922F0C200EBB299 /* PokemonCoreDataModel.xcdatamodeld in Sources */ = {isa = PBXBuildFile; fileRef = F2F5436B2922F0C200EBB299 /* PokemonCoreDataModel.xcdatamodeld */; };
		F2F5436F2922F20C00EBB299 /* AddPokemonsUseCase.swift in Sources */ = {isa = PBXBuildFile; fileRef = F2F5436E2922F20C00EBB299 /* AddPokemonsUseCase.swift */; };
		F2F543712922FF4900EBB299 /* NetworkDataSource.swift in Sources */ = {isa = PBXBuildFile; fileRef = F2F543702922FF4900EBB299 /* NetworkDataSource.swift */; };
/* End PBXBuildFile section */

/* Begin PBXContainerItemProxy section */
		F2A1617E29227AF100260573 /* PBXContainerItemProxy */ = {
			isa = PBXContainerItemProxy;
			containerPortal = F2A1615C29227AEC00260573 /* Project object */;
			proxyType = 1;
			remoteGlobalIDString = F2A1616329227AEC00260573;
			remoteInfo = PokeApp;
		};
		F2A1618829227AF100260573 /* PBXContainerItemProxy */ = {
			isa = PBXContainerItemProxy;
			containerPortal = F2A1615C29227AEC00260573 /* Project object */;
			proxyType = 1;
			remoteGlobalIDString = F2A1616329227AEC00260573;
			remoteInfo = PokeApp;
		};
/* End PBXContainerItemProxy section */

/* Begin PBXFileReference section */
		15212CE593370650B777B302 /* Pods-PokeApp.release.xcconfig */ = {isa = PBXFileReference; includeInIndex = 1; lastKnownFileType = text.xcconfig; name = "Pods-PokeApp.release.xcconfig"; path = "Target Support Files/Pods-PokeApp/Pods-PokeApp.release.xcconfig"; sourceTree = "<group>"; };
		5F0DFDDCF63C0986C23BD557 /* Pods_PokeApp_PokeAppUITests.framework */ = {isa = PBXFileReference; explicitFileType = wrapper.framework; includeInIndex = 0; path = Pods_PokeApp_PokeAppUITests.framework; sourceTree = BUILT_PRODUCTS_DIR; };
		6414318E9DCB798BAF92B285 /* Pods-PokeAppTests.release.xcconfig */ = {isa = PBXFileReference; includeInIndex = 1; lastKnownFileType = text.xcconfig; name = "Pods-PokeAppTests.release.xcconfig"; path = "Target Support Files/Pods-PokeAppTests/Pods-PokeAppTests.release.xcconfig"; sourceTree = "<group>"; };
		84DF74E90AB65728E9C7D39D /* Pods-PokeApp-PokeAppUITests.release.xcconfig */ = {isa = PBXFileReference; includeInIndex = 1; lastKnownFileType = text.xcconfig; name = "Pods-PokeApp-PokeAppUITests.release.xcconfig"; path = "Target Support Files/Pods-PokeApp-PokeAppUITests/Pods-PokeApp-PokeAppUITests.release.xcconfig"; sourceTree = "<group>"; };
		C0EB27C180ACF5DA5BE36368 /* Pods-PokeApp.debug.xcconfig */ = {isa = PBXFileReference; includeInIndex = 1; lastKnownFileType = text.xcconfig; name = "Pods-PokeApp.debug.xcconfig"; path = "Target Support Files/Pods-PokeApp/Pods-PokeApp.debug.xcconfig"; sourceTree = "<group>"; };
		C26BB4CA6C2C839478404264 /* Pods-PokeAppTests.debug.xcconfig */ = {isa = PBXFileReference; includeInIndex = 1; lastKnownFileType = text.xcconfig; name = "Pods-PokeAppTests.debug.xcconfig"; path = "Target Support Files/Pods-PokeAppTests/Pods-PokeAppTests.debug.xcconfig"; sourceTree = "<group>"; };
		C6DD43D84A2FD10ED1218F44 /* Pods_PokeApp.framework */ = {isa = PBXFileReference; explicitFileType = wrapper.framework; includeInIndex = 0; path = Pods_PokeApp.framework; sourceTree = BUILT_PRODUCTS_DIR; };
		E784301047981AE00C0A7227 /* Pods_PokeAppTests.framework */ = {isa = PBXFileReference; explicitFileType = wrapper.framework; includeInIndex = 0; path = Pods_PokeAppTests.framework; sourceTree = BUILT_PRODUCTS_DIR; };
		F2A1616429227AEC00260573 /* PokeApp.app */ = {isa = PBXFileReference; explicitFileType = wrapper.application; includeInIndex = 0; path = PokeApp.app; sourceTree = BUILT_PRODUCTS_DIR; };
		F2A1616729227AED00260573 /* AppDelegate.swift */ = {isa = PBXFileReference; lastKnownFileType = sourcecode.swift; path = AppDelegate.swift; sourceTree = "<group>"; };
		F2A1616929227AED00260573 /* SceneDelegate.swift */ = {isa = PBXFileReference; lastKnownFileType = sourcecode.swift; path = SceneDelegate.swift; sourceTree = "<group>"; };
		F2A1616E29227AED00260573 /* Base */ = {isa = PBXFileReference; lastKnownFileType = file.storyboard; name = Base; path = Base.lproj/Main.storyboard; sourceTree = "<group>"; };
		F2A1617329227AF000260573 /* Assets.xcassets */ = {isa = PBXFileReference; lastKnownFileType = folder.assetcatalog; path = Assets.xcassets; sourceTree = "<group>"; };
		F2A1617629227AF000260573 /* Base */ = {isa = PBXFileReference; lastKnownFileType = file.storyboard; name = Base; path = Base.lproj/LaunchScreen.storyboard; sourceTree = "<group>"; };
		F2A1617829227AF000260573 /* Info.plist */ = {isa = PBXFileReference; lastKnownFileType = text.plist.xml; path = Info.plist; sourceTree = "<group>"; };
		F2A1617D29227AF100260573 /* PokeAppTests.xctest */ = {isa = PBXFileReference; explicitFileType = wrapper.cfbundle; includeInIndex = 0; path = PokeAppTests.xctest; sourceTree = BUILT_PRODUCTS_DIR; };
		F2A1618129227AF100260573 /* PokeAppTests.swift */ = {isa = PBXFileReference; lastKnownFileType = sourcecode.swift; path = PokeAppTests.swift; sourceTree = "<group>"; };
		F2A1618729227AF100260573 /* PokeAppUITests.xctest */ = {isa = PBXFileReference; explicitFileType = wrapper.cfbundle; includeInIndex = 0; path = PokeAppUITests.xctest; sourceTree = BUILT_PRODUCTS_DIR; };
		F2A1618B29227AF100260573 /* PokeAppUITests.swift */ = {isa = PBXFileReference; lastKnownFileType = sourcecode.swift; path = PokeAppUITests.swift; sourceTree = "<group>"; };
		F2A1618D29227AF100260573 /* PokeAppUITestsLaunchTests.swift */ = {isa = PBXFileReference; lastKnownFileType = sourcecode.swift; path = PokeAppUITestsLaunchTests.swift; sourceTree = "<group>"; };
		F2A161A629229D6500260573 /* MainTableViewCell.swift */ = {isa = PBXFileReference; lastKnownFileType = sourcecode.swift; path = MainTableViewCell.swift; sourceTree = "<group>"; };
		F2A161CE2922B23E00260573 /* CoreDataStack.swift */ = {isa = PBXFileReference; lastKnownFileType = sourcecode.swift; path = CoreDataStack.swift; sourceTree = "<group>"; };
		F2A161D02922B33500260573 /* DIContainer.swift */ = {isa = PBXFileReference; lastKnownFileType = sourcecode.swift; path = DIContainer.swift; sourceTree = "<group>"; };
		F2A161D22922B38A00260573 /* Extensions.swift */ = {isa = PBXFileReference; lastKnownFileType = sourcecode.swift; path = Extensions.swift; sourceTree = "<group>"; };
		F2A161D42922BD9500260573 /* Constants.swift */ = {isa = PBXFileReference; lastKnownFileType = sourcecode.swift; path = Constants.swift; sourceTree = "<group>"; };
		F2F5434B2922D85300EBB299 /* Pokemon.swift */ = {isa = PBXFileReference; lastKnownFileType = sourcecode.swift; path = Pokemon.swift; sourceTree = "<group>"; };
		F2F543522922DE8100EBB299 /* DataBaseDataSource.swift */ = {isa = PBXFileReference; lastKnownFileType = sourcecode.swift; path = DataBaseDataSource.swift; sourceTree = "<group>"; };
		F2F543552922E13C00EBB299 /* Model.xcdatamodel */ = {isa = PBXFileReference; lastKnownFileType = wrapper.xcdatamodel; path = Model.xcdatamodel; sourceTree = "<group>"; };
		F2F5435B2922E24200EBB299 /* PokemonEntity+CoreDataClass.swift */ = {isa = PBXFileReference; lastKnownFileType = sourcecode.swift; name = "PokemonEntity+CoreDataClass.swift"; path = "PokeApp/Data/Model/Pokemon/PokemonEntity+CoreDataClass.swift"; sourceTree = SOURCE_ROOT; };
		F2F5435C2922E24200EBB299 /* PokemonEntity+CoreDataProperties.swift */ = {isa = PBXFileReference; lastKnownFileType = sourcecode.swift; name = "PokemonEntity+CoreDataProperties.swift"; path = "PokeApp/Data/Model/Pokemon/PokemonEntity+CoreDataProperties.swift"; sourceTree = SOURCE_ROOT; };
		F2F5435F2922EA2000EBB299 /* PokemonRepositoryImpl.swift */ = {isa = PBXFileReference; lastKnownFileType = sourcecode.swift; path = PokemonRepositoryImpl.swift; sourceTree = "<group>"; };
		F2F543612922EA3900EBB299 /* PokemonRepository.swift */ = {isa = PBXFileReference; lastKnownFileType = sourcecode.swift; path = PokemonRepository.swift; sourceTree = "<group>"; };
		F2F543632922EAEF00EBB299 /* MainTableViewController.swift */ = {isa = PBXFileReference; lastKnownFileType = sourcecode.swift; path = MainTableViewController.swift; sourceTree = "<group>"; };
		F2F543652922EB0A00EBB299 /* DescripitonViewController.swift */ = {isa = PBXFileReference; lastKnownFileType = sourcecode.swift; path = DescripitonViewController.swift; sourceTree = "<group>"; };
		F2F543672922ED7600EBB299 /* MainTableView.swift */ = {isa = PBXFileReference; lastKnownFileType = sourcecode.swift; path = MainTableView.swift; sourceTree = "<group>"; };
		F2F543692922EE2700EBB299 /* GetPokemonsUseCase.swift */ = {isa = PBXFileReference; lastKnownFileType = sourcecode.swift; path = GetPokemonsUseCase.swift; sourceTree = "<group>"; };
		F2F5436C2922F0C200EBB299 /* PokemonCoreDataModel.xcdatamodel */ = {isa = PBXFileReference; lastKnownFileType = wrapper.xcdatamodel; path = PokemonCoreDataModel.xcdatamodel; sourceTree = "<group>"; };
		F2F5436E2922F20C00EBB299 /* AddPokemonsUseCase.swift */ = {isa = PBXFileReference; lastKnownFileType = sourcecode.swift; path = AddPokemonsUseCase.swift; sourceTree = "<group>"; };
		F2F543702922FF4900EBB299 /* NetworkDataSource.swift */ = {isa = PBXFileReference; lastKnownFileType = sourcecode.swift; path = NetworkDataSource.swift; sourceTree = "<group>"; };
		FA709651D2EAA04F7468A9BB /* Pods-PokeApp-PokeAppUITests.debug.xcconfig */ = {isa = PBXFileReference; includeInIndex = 1; lastKnownFileType = text.xcconfig; name = "Pods-PokeApp-PokeAppUITests.debug.xcconfig"; path = "Target Support Files/Pods-PokeApp-PokeAppUITests/Pods-PokeApp-PokeAppUITests.debug.xcconfig"; sourceTree = "<group>"; };
/* End PBXFileReference section */

/* Begin PBXFrameworksBuildPhase section */
		F2A1616129227AEC00260573 /* Frameworks */ = {
			isa = PBXFrameworksBuildPhase;
			buildActionMask = 2147483647;
			files = (
				E0B4214CE40813EFB84CDB1D /* Pods_PokeApp.framework in Frameworks */,
			);
			runOnlyForDeploymentPostprocessing = 0;
		};
		F2A1617A29227AF100260573 /* Frameworks */ = {
			isa = PBXFrameworksBuildPhase;
			buildActionMask = 2147483647;
			files = (
				6E762FB20FB5C6068A621AD8 /* Pods_PokeAppTests.framework in Frameworks */,
			);
			runOnlyForDeploymentPostprocessing = 0;
		};
		F2A1618429227AF100260573 /* Frameworks */ = {
			isa = PBXFrameworksBuildPhase;
			buildActionMask = 2147483647;
			files = (
				B01C531368F3EA0C7F2D727C /* Pods_PokeApp_PokeAppUITests.framework in Frameworks */,
			);
			runOnlyForDeploymentPostprocessing = 0;
		};
/* End PBXFrameworksBuildPhase section */

/* Begin PBXGroup section */
		04F4CD51A6E1C71D2680725B /* Pods */ = {
			isa = PBXGroup;
			children = (
				C0EB27C180ACF5DA5BE36368 /* Pods-PokeApp.debug.xcconfig */,
				15212CE593370650B777B302 /* Pods-PokeApp.release.xcconfig */,
				FA709651D2EAA04F7468A9BB /* Pods-PokeApp-PokeAppUITests.debug.xcconfig */,
				84DF74E90AB65728E9C7D39D /* Pods-PokeApp-PokeAppUITests.release.xcconfig */,
				C26BB4CA6C2C839478404264 /* Pods-PokeAppTests.debug.xcconfig */,
				6414318E9DCB798BAF92B285 /* Pods-PokeAppTests.release.xcconfig */,
			);
			path = Pods;
			sourceTree = "<group>";
		};
		3A5B969C50995EDE01CF8348 /* Frameworks */ = {
			isa = PBXGroup;
			children = (
				C6DD43D84A2FD10ED1218F44 /* Pods_PokeApp.framework */,
				5F0DFDDCF63C0986C23BD557 /* Pods_PokeApp_PokeAppUITests.framework */,
				E784301047981AE00C0A7227 /* Pods_PokeAppTests.framework */,
			);
			name = Frameworks;
			sourceTree = "<group>";
		};
		F2A1615B29227AEC00260573 = {
			isa = PBXGroup;
			children = (
				F2A1616629227AED00260573 /* PokeApp */,
				F2A1618029227AF100260573 /* PokeAppTests */,
				F2A1618A29227AF100260573 /* PokeAppUITests */,
				F2A1616529227AED00260573 /* Products */,
				04F4CD51A6E1C71D2680725B /* Pods */,
				3A5B969C50995EDE01CF8348 /* Frameworks */,
			);
			sourceTree = "<group>";
		};
		F2A1616529227AED00260573 /* Products */ = {
			isa = PBXGroup;
			children = (
				F2A1616429227AEC00260573 /* PokeApp.app */,
				F2A1617D29227AF100260573 /* PokeAppTests.xctest */,
				F2A1618729227AF100260573 /* PokeAppUITests.xctest */,
			);
			name = Products;
			sourceTree = "<group>";
		};
		F2A1616629227AED00260573 /* PokeApp */ = {
			isa = PBXGroup;
			children = (
				F2A161BE2922B08B00260573 /* App */,
				F2A161BF2922B09400260573 /* UI */,
				F2A161C02922B09A00260573 /* Domain */,
				F2A161C12922B0A100260573 /* Data */,
			);
			path = PokeApp;
			sourceTree = "<group>";
		};
		F2A1618029227AF100260573 /* PokeAppTests */ = {
			isa = PBXGroup;
			children = (
				F2A1618129227AF100260573 /* PokeAppTests.swift */,
			);
			path = PokeAppTests;
			sourceTree = "<group>";
		};
		F2A1618A29227AF100260573 /* PokeAppUITests */ = {
			isa = PBXGroup;
			children = (
				F2A1618B29227AF100260573 /* PokeAppUITests.swift */,
				F2A1618D29227AF100260573 /* PokeAppUITestsLaunchTests.swift */,
			);
			path = PokeAppUITests;
			sourceTree = "<group>";
		};
		F2A161BE2922B08B00260573 /* App */ = {
			isa = PBXGroup;
			children = (
				F2A1616729227AED00260573 /* AppDelegate.swift */,
				F2A1616929227AED00260573 /* SceneDelegate.swift */,
				F2A161D02922B33500260573 /* DIContainer.swift */,
				F2A161D22922B38A00260573 /* Extensions.swift */,
				F2A161D42922BD9500260573 /* Constants.swift */,
				F2A1617829227AF000260573 /* Info.plist */,
			);
			path = App;
			sourceTree = "<group>";
		};
		F2A161BF2922B09400260573 /* UI */ = {
			isa = PBXGroup;
			children = (
				F2A161C22922B0E800260573 /* UIElements */,
				F2A161C32922B10C00260573 /* ViewControllers */,
			);
			path = UI;
			sourceTree = "<group>";
		};
		F2A161C02922B09A00260573 /* Domain */ = {
			isa = PBXGroup;
			children = (
				F2A161C62922B15600260573 /* Model */,
				F2A161C72922B15B00260573 /* UseCases */,
				F2A161C82922B16D00260573 /* Repository */,
			);
			path = Domain;
			sourceTree = "<group>";
		};
		F2A161C12922B0A100260573 /* Data */ = {
			isa = PBXGroup;
			children = (
				F2A161C92922B18D00260573 /* Model */,
				F2A161CA2922B19100260573 /* Repository */,
			);
			path = Data;
			sourceTree = "<group>";
		};
		F2A161C22922B0E800260573 /* UIElements */ = {
			isa = PBXGroup;
			children = (
				F2A1617529227AF000260573 /* LaunchScreen.storyboard */,
				F2A1616D29227AED00260573 /* Main.storyboard */,
				F2A1617329227AF000260573 /* Assets.xcassets */,
			);
			path = UIElements;
			sourceTree = "<group>";
		};
		F2A161C32922B10C00260573 /* ViewControllers */ = {
			isa = PBXGroup;
			children = (
				F2F543632922EAEF00EBB299 /* MainTableViewController.swift */,
				F2F543652922EB0A00EBB299 /* DescripitonViewController.swift */,
				F2A161C52922B13500260573 /* ViewControllersDataHandlers */,
				F2A161C42922B12100260573 /* CustomCells */,
			);
			path = ViewControllers;
			sourceTree = "<group>";
		};
		F2A161C42922B12100260573 /* CustomCells */ = {
			isa = PBXGroup;
			children = (
				F2A161A629229D6500260573 /* MainTableViewCell.swift */,
			);
			path = CustomCells;
			sourceTree = "<group>";
		};
		F2A161C52922B13500260573 /* ViewControllersDataHandlers */ = {
			isa = PBXGroup;
			children = (
				F2F543672922ED7600EBB299 /* MainTableView.swift */,
			);
			path = ViewControllersDataHandlers;
			sourceTree = "<group>";
		};
		F2A161C62922B15600260573 /* Model */ = {
			isa = PBXGroup;
			children = (
				F2F5434B2922D85300EBB299 /* Pokemon.swift */,
			);
			path = Model;
			sourceTree = "<group>";
		};
		F2A161C72922B15B00260573 /* UseCases */ = {
			isa = PBXGroup;
			children = (
				F2F543692922EE2700EBB299 /* GetPokemonsUseCase.swift */,
				F2F5436E2922F20C00EBB299 /* AddPokemonsUseCase.swift */,
			);
			path = UseCases;
			sourceTree = "<group>";
		};
		F2A161C82922B16D00260573 /* Repository */ = {
			isa = PBXGroup;
			children = (
				F2F543612922EA3900EBB299 /* PokemonRepository.swift */,
			);
			path = Repository;
			sourceTree = "<group>";
		};
		F2A161C92922B18D00260573 /* Model */ = {
			isa = PBXGroup;
			children = (
				F2F543512922DBBD00EBB299 /* Pokemon */,
			);
			path = Model;
			sourceTree = "<group>";
		};
		F2A161CA2922B19100260573 /* Repository */ = {
			isa = PBXGroup;
			children = (
				F2F5435F2922EA2000EBB299 /* PokemonRepositoryImpl.swift */,
				F2A161CB2922B19A00260573 /* DataSourses */,
			);
			path = Repository;
			sourceTree = "<group>";
		};
		F2A161CB2922B19A00260573 /* DataSourses */ = {
			isa = PBXGroup;
			children = (
				F2A161CC2922B1A400260573 /* NetworkDataSource */,
				F2A161CD2922B1B800260573 /* DataBaseDataSource */,
			);
			path = DataSourses;
			sourceTree = "<group>";
		};
		F2A161CC2922B1A400260573 /* NetworkDataSource */ = {
			isa = PBXGroup;
			children = (
				F2F543702922FF4900EBB299 /* NetworkDataSource.swift */,
			);
			path = NetworkDataSource;
			sourceTree = "<group>";
		};
		F2A161CD2922B1B800260573 /* DataBaseDataSource */ = {
			isa = PBXGroup;
			children = (
				F2F543522922DE8100EBB299 /* DataBaseDataSource.swift */,
				F2A161CE2922B23E00260573 /* CoreDataStack.swift */,
				F2F543542922E13C00EBB299 /* PokemonDataModel.xcdatamodeld */,
				F2F5436B2922F0C200EBB299 /* PokemonCoreDataModel.xcdatamodeld */,
			);
			path = DataBaseDataSource;
			sourceTree = "<group>";
		};
		F2F543512922DBBD00EBB299 /* Pokemon */ = {
			isa = PBXGroup;
			children = (
				F2F5435B2922E24200EBB299 /* PokemonEntity+CoreDataClass.swift */,
				F2F5435C2922E24200EBB299 /* PokemonEntity+CoreDataProperties.swift */,
			);
			path = Pokemon;
			sourceTree = "<group>";
		};
/* End PBXGroup section */

/* Begin PBXNativeTarget section */
		F2A1616329227AEC00260573 /* PokeApp */ = {
			isa = PBXNativeTarget;
			buildConfigurationList = F2A1619129227AF100260573 /* Build configuration list for PBXNativeTarget "PokeApp" */;
			buildPhases = (
				F15B89210996099425B33529 /* [CP] Check Pods Manifest.lock */,
				F2A1616029227AEC00260573 /* Sources */,
				F2A1616129227AEC00260573 /* Frameworks */,
				F2A1616229227AEC00260573 /* Resources */,
				3B53F9B3CCF6E0D86584FE90 /* [CP] Embed Pods Frameworks */,
			);
			buildRules = (
			);
			dependencies = (
			);
			name = PokeApp;
			productName = PokeApp;
			productReference = F2A1616429227AEC00260573 /* PokeApp.app */;
			productType = "com.apple.product-type.application";
		};
		F2A1617C29227AF100260573 /* PokeAppTests */ = {
			isa = PBXNativeTarget;
			buildConfigurationList = F2A1619429227AF100260573 /* Build configuration list for PBXNativeTarget "PokeAppTests" */;
			buildPhases = (
				86B684C4A81DE4F018002C9F /* [CP] Check Pods Manifest.lock */,
				F2A1617929227AF100260573 /* Sources */,
				F2A1617A29227AF100260573 /* Frameworks */,
				F2A1617B29227AF100260573 /* Resources */,
			);
			buildRules = (
			);
			dependencies = (
				F2A1617F29227AF100260573 /* PBXTargetDependency */,
			);
			name = PokeAppTests;
			productName = PokeAppTests;
			productReference = F2A1617D29227AF100260573 /* PokeAppTests.xctest */;
			productType = "com.apple.product-type.bundle.unit-test";
		};
		F2A1618629227AF100260573 /* PokeAppUITests */ = {
			isa = PBXNativeTarget;
			buildConfigurationList = F2A1619729227AF100260573 /* Build configuration list for PBXNativeTarget "PokeAppUITests" */;
			buildPhases = (
				FDE91165FC72B81A047320F5 /* [CP] Check Pods Manifest.lock */,
				F2A1618329227AF100260573 /* Sources */,
				F2A1618429227AF100260573 /* Frameworks */,
				F2A1618529227AF100260573 /* Resources */,
				047D0F1400A473C5B1085864 /* [CP] Embed Pods Frameworks */,
			);
			buildRules = (
			);
			dependencies = (
				F2A1618929227AF100260573 /* PBXTargetDependency */,
			);
			name = PokeAppUITests;
			productName = PokeAppUITests;
			productReference = F2A1618729227AF100260573 /* PokeAppUITests.xctest */;
			productType = "com.apple.product-type.bundle.ui-testing";
		};
/* End PBXNativeTarget section */

/* Begin PBXProject section */
		F2A1615C29227AEC00260573 /* Project object */ = {
			isa = PBXProject;
			attributes = {
				BuildIndependentTargetsInParallel = 1;
				LastSwiftUpdateCheck = 1410;
				LastUpgradeCheck = 1410;
				TargetAttributes = {
					F2A1616329227AEC00260573 = {
						CreatedOnToolsVersion = 14.1;
					};
					F2A1617C29227AF100260573 = {
						CreatedOnToolsVersion = 14.1;
						TestTargetID = F2A1616329227AEC00260573;
					};
					F2A1618629227AF100260573 = {
						CreatedOnToolsVersion = 14.1;
						TestTargetID = F2A1616329227AEC00260573;
					};
				};
			};
			buildConfigurationList = F2A1615F29227AEC00260573 /* Build configuration list for PBXProject "PokeApp" */;
			compatibilityVersion = "Xcode 14.0";
			developmentRegion = en;
			hasScannedForEncodings = 0;
			knownRegions = (
				en,
				Base,
			);
			mainGroup = F2A1615B29227AEC00260573;
			productRefGroup = F2A1616529227AED00260573 /* Products */;
			projectDirPath = "";
			projectRoot = "";
			targets = (
				F2A1616329227AEC00260573 /* PokeApp */,
				F2A1617C29227AF100260573 /* PokeAppTests */,
				F2A1618629227AF100260573 /* PokeAppUITests */,
			);
		};
/* End PBXProject section */

/* Begin PBXResourcesBuildPhase section */
		F2A1616229227AEC00260573 /* Resources */ = {
			isa = PBXResourcesBuildPhase;
			buildActionMask = 2147483647;
			files = (
				F2A1617729227AF000260573 /* LaunchScreen.storyboard in Resources */,
				F2A1617429227AF000260573 /* Assets.xcassets in Resources */,
				F2A1616F29227AED00260573 /* Main.storyboard in Resources */,
			);
			runOnlyForDeploymentPostprocessing = 0;
		};
		F2A1617B29227AF100260573 /* Resources */ = {
			isa = PBXResourcesBuildPhase;
			buildActionMask = 2147483647;
			files = (
			);
			runOnlyForDeploymentPostprocessing = 0;
		};
		F2A1618529227AF100260573 /* Resources */ = {
			isa = PBXResourcesBuildPhase;
			buildActionMask = 2147483647;
			files = (
			);
			runOnlyForDeploymentPostprocessing = 0;
		};
/* End PBXResourcesBuildPhase section */

/* Begin PBXShellScriptBuildPhase section */
		047D0F1400A473C5B1085864 /* [CP] Embed Pods Frameworks */ = {
			isa = PBXShellScriptBuildPhase;
			buildActionMask = 2147483647;
			files = (
			);
			inputFileListPaths = (
				"${PODS_ROOT}/Target Support Files/Pods-PokeApp-PokeAppUITests/Pods-PokeApp-PokeAppUITests-frameworks-${CONFIGURATION}-input-files.xcfilelist",
			);
			name = "[CP] Embed Pods Frameworks";
			outputFileListPaths = (
				"${PODS_ROOT}/Target Support Files/Pods-PokeApp-PokeAppUITests/Pods-PokeApp-PokeAppUITests-frameworks-${CONFIGURATION}-output-files.xcfilelist",
			);
			runOnlyForDeploymentPostprocessing = 0;
			shellPath = /bin/sh;
			shellScript = "\"${PODS_ROOT}/Target Support Files/Pods-PokeApp-PokeAppUITests/Pods-PokeApp-PokeAppUITests-frameworks.sh\"\n";
			showEnvVarsInLog = 0;
		};
		3B53F9B3CCF6E0D86584FE90 /* [CP] Embed Pods Frameworks */ = {
			isa = PBXShellScriptBuildPhase;
			buildActionMask = 2147483647;
			files = (
			);
			inputFileListPaths = (
				"${PODS_ROOT}/Target Support Files/Pods-PokeApp/Pods-PokeApp-frameworks-${CONFIGURATION}-input-files.xcfilelist",
			);
			name = "[CP] Embed Pods Frameworks";
			outputFileListPaths = (
				"${PODS_ROOT}/Target Support Files/Pods-PokeApp/Pods-PokeApp-frameworks-${CONFIGURATION}-output-files.xcfilelist",
			);
			runOnlyForDeploymentPostprocessing = 0;
			shellPath = /bin/sh;
			shellScript = "\"${PODS_ROOT}/Target Support Files/Pods-PokeApp/Pods-PokeApp-frameworks.sh\"\n";
			showEnvVarsInLog = 0;
		};
		86B684C4A81DE4F018002C9F /* [CP] Check Pods Manifest.lock */ = {
			isa = PBXShellScriptBuildPhase;
			buildActionMask = 2147483647;
			files = (
			);
			inputFileListPaths = (
			);
			inputPaths = (
				"${PODS_PODFILE_DIR_PATH}/Podfile.lock",
				"${PODS_ROOT}/Manifest.lock",
			);
			name = "[CP] Check Pods Manifest.lock";
			outputFileListPaths = (
			);
			outputPaths = (
				"$(DERIVED_FILE_DIR)/Pods-PokeAppTests-checkManifestLockResult.txt",
			);
			runOnlyForDeploymentPostprocessing = 0;
			shellPath = /bin/sh;
			shellScript = "diff \"${PODS_PODFILE_DIR_PATH}/Podfile.lock\" \"${PODS_ROOT}/Manifest.lock\" > /dev/null\nif [ $? != 0 ] ; then\n    # print error to STDERR\n    echo \"error: The sandbox is not in sync with the Podfile.lock. Run 'pod install' or update your CocoaPods installation.\" >&2\n    exit 1\nfi\n# This output is used by Xcode 'outputs' to avoid re-running this script phase.\necho \"SUCCESS\" > \"${SCRIPT_OUTPUT_FILE_0}\"\n";
			showEnvVarsInLog = 0;
		};
		F15B89210996099425B33529 /* [CP] Check Pods Manifest.lock */ = {
			isa = PBXShellScriptBuildPhase;
			buildActionMask = 2147483647;
			files = (
			);
			inputFileListPaths = (
			);
			inputPaths = (
				"${PODS_PODFILE_DIR_PATH}/Podfile.lock",
				"${PODS_ROOT}/Manifest.lock",
			);
			name = "[CP] Check Pods Manifest.lock";
			outputFileListPaths = (
			);
			outputPaths = (
				"$(DERIVED_FILE_DIR)/Pods-PokeApp-checkManifestLockResult.txt",
			);
			runOnlyForDeploymentPostprocessing = 0;
			shellPath = /bin/sh;
			shellScript = "diff \"${PODS_PODFILE_DIR_PATH}/Podfile.lock\" \"${PODS_ROOT}/Manifest.lock\" > /dev/null\nif [ $? != 0 ] ; then\n    # print error to STDERR\n    echo \"error: The sandbox is not in sync with the Podfile.lock. Run 'pod install' or update your CocoaPods installation.\" >&2\n    exit 1\nfi\n# This output is used by Xcode 'outputs' to avoid re-running this script phase.\necho \"SUCCESS\" > \"${SCRIPT_OUTPUT_FILE_0}\"\n";
			showEnvVarsInLog = 0;
		};
		FDE91165FC72B81A047320F5 /* [CP] Check Pods Manifest.lock */ = {
			isa = PBXShellScriptBuildPhase;
			buildActionMask = 2147483647;
			files = (
			);
			inputFileListPaths = (
			);
			inputPaths = (
				"${PODS_PODFILE_DIR_PATH}/Podfile.lock",
				"${PODS_ROOT}/Manifest.lock",
			);
			name = "[CP] Check Pods Manifest.lock";
			outputFileListPaths = (
			);
			outputPaths = (
				"$(DERIVED_FILE_DIR)/Pods-PokeApp-PokeAppUITests-checkManifestLockResult.txt",
			);
			runOnlyForDeploymentPostprocessing = 0;
			shellPath = /bin/sh;
			shellScript = "diff \"${PODS_PODFILE_DIR_PATH}/Podfile.lock\" \"${PODS_ROOT}/Manifest.lock\" > /dev/null\nif [ $? != 0 ] ; then\n    # print error to STDERR\n    echo \"error: The sandbox is not in sync with the Podfile.lock. Run 'pod install' or update your CocoaPods installation.\" >&2\n    exit 1\nfi\n# This output is used by Xcode 'outputs' to avoid re-running this script phase.\necho \"SUCCESS\" > \"${SCRIPT_OUTPUT_FILE_0}\"\n";
			showEnvVarsInLog = 0;
		};
/* End PBXShellScriptBuildPhase section */

/* Begin PBXSourcesBuildPhase section */
		F2A1616029227AEC00260573 /* Sources */ = {
			isa = PBXSourcesBuildPhase;
			buildActionMask = 2147483647;
			files = (
				F2F5436D2922F0C200EBB299 /* PokemonCoreDataModel.xcdatamodeld in Sources */,
				F2F543712922FF4900EBB299 /* NetworkDataSource.swift in Sources */,
				F2A161D12922B33500260573 /* DIContainer.swift in Sources */,
				F2F543622922EA3900EBB299 /* PokemonRepository.swift in Sources */,
				F2F5436A2922EE2700EBB299 /* GetPokemonsUseCase.swift in Sources */,
				F2A1616829227AED00260573 /* AppDelegate.swift in Sources */,
				F2F5435E2922E24200EBB299 /* PokemonEntity+CoreDataProperties.swift in Sources */,
				F2A161D32922B38A00260573 /* Extensions.swift in Sources */,
				F2F543602922EA2000EBB299 /* PokemonRepositoryImpl.swift in Sources */,
				F2F5434C2922D85300EBB299 /* Pokemon.swift in Sources */,
				F2A161CF2922B23E00260573 /* CoreDataStack.swift in Sources */,
				F2F543532922DE8100EBB299 /* DataBaseDataSource.swift in Sources */,
				F2A161A729229D6500260573 /* MainTableViewCell.swift in Sources */,
				F2F5435D2922E24200EBB299 /* PokemonEntity+CoreDataClass.swift in Sources */,
				F2F5436F2922F20C00EBB299 /* AddPokemonsUseCase.swift in Sources */,
				F2F543682922ED7600EBB299 /* MainTableView.swift in Sources */,
				F2A1616A29227AED00260573 /* SceneDelegate.swift in Sources */,
				F2F543562922E13C00EBB299 /* PokemonDataModel.xcdatamodeld in Sources */,
				F2F543662922EB0A00EBB299 /* DescripitonViewController.swift in Sources */,
				F2F543642922EAEF00EBB299 /* MainTableViewController.swift in Sources */,
				F2A161D52922BD9500260573 /* Constants.swift in Sources */,
			);
			runOnlyForDeploymentPostprocessing = 0;
		};
		F2A1617929227AF100260573 /* Sources */ = {
			isa = PBXSourcesBuildPhase;
			buildActionMask = 2147483647;
			files = (
				F2A1618229227AF100260573 /* PokeAppTests.swift in Sources */,
			);
			runOnlyForDeploymentPostprocessing = 0;
		};
		F2A1618329227AF100260573 /* Sources */ = {
			isa = PBXSourcesBuildPhase;
			buildActionMask = 2147483647;
			files = (
				F2A1618C29227AF100260573 /* PokeAppUITests.swift in Sources */,
				F2A1618E29227AF100260573 /* PokeAppUITestsLaunchTests.swift in Sources */,
			);
			runOnlyForDeploymentPostprocessing = 0;
		};
/* End PBXSourcesBuildPhase section */

/* Begin PBXTargetDependency section */
		F2A1617F29227AF100260573 /* PBXTargetDependency */ = {
			isa = PBXTargetDependency;
			target = F2A1616329227AEC00260573 /* PokeApp */;
			targetProxy = F2A1617E29227AF100260573 /* PBXContainerItemProxy */;
		};
		F2A1618929227AF100260573 /* PBXTargetDependency */ = {
			isa = PBXTargetDependency;
			target = F2A1616329227AEC00260573 /* PokeApp */;
			targetProxy = F2A1618829227AF100260573 /* PBXContainerItemProxy */;
		};
/* End PBXTargetDependency section */

/* Begin PBXVariantGroup section */
		F2A1616D29227AED00260573 /* Main.storyboard */ = {
			isa = PBXVariantGroup;
			children = (
				F2A1616E29227AED00260573 /* Base */,
			);
			name = Main.storyboard;
			sourceTree = "<group>";
		};
		F2A1617529227AF000260573 /* LaunchScreen.storyboard */ = {
			isa = PBXVariantGroup;
			children = (
				F2A1617629227AF000260573 /* Base */,
			);
			name = LaunchScreen.storyboard;
			sourceTree = "<group>";
		};
/* End PBXVariantGroup section */

/* Begin XCBuildConfiguration section */
		F2A1618F29227AF100260573 /* Debug */ = {
			isa = XCBuildConfiguration;
			buildSettings = {
				ALWAYS_SEARCH_USER_PATHS = NO;
				CLANG_ANALYZER_NONNULL = YES;
				CLANG_ANALYZER_NUMBER_OBJECT_CONVERSION = YES_AGGRESSIVE;
				CLANG_CXX_LANGUAGE_STANDARD = "gnu++20";
				CLANG_ENABLE_MODULES = YES;
				CLANG_ENABLE_OBJC_ARC = YES;
				CLANG_ENABLE_OBJC_WEAK = YES;
				CLANG_WARN_BLOCK_CAPTURE_AUTORELEASING = YES;
				CLANG_WARN_BOOL_CONVERSION = YES;
				CLANG_WARN_COMMA = YES;
				CLANG_WARN_CONSTANT_CONVERSION = YES;
				CLANG_WARN_DEPRECATED_OBJC_IMPLEMENTATIONS = YES;
				CLANG_WARN_DIRECT_OBJC_ISA_USAGE = YES_ERROR;
				CLANG_WARN_DOCUMENTATION_COMMENTS = YES;
				CLANG_WARN_EMPTY_BODY = YES;
				CLANG_WARN_ENUM_CONVERSION = YES;
				CLANG_WARN_INFINITE_RECURSION = YES;
				CLANG_WARN_INT_CONVERSION = YES;
				CLANG_WARN_NON_LITERAL_NULL_CONVERSION = YES;
				CLANG_WARN_OBJC_IMPLICIT_RETAIN_SELF = YES;
				CLANG_WARN_OBJC_LITERAL_CONVERSION = YES;
				CLANG_WARN_OBJC_ROOT_CLASS = YES_ERROR;
				CLANG_WARN_QUOTED_INCLUDE_IN_FRAMEWORK_HEADER = YES;
				CLANG_WARN_RANGE_LOOP_ANALYSIS = YES;
				CLANG_WARN_STRICT_PROTOTYPES = YES;
				CLANG_WARN_SUSPICIOUS_MOVE = YES;
				CLANG_WARN_UNGUARDED_AVAILABILITY = YES_AGGRESSIVE;
				CLANG_WARN_UNREACHABLE_CODE = YES;
				CLANG_WARN__DUPLICATE_METHOD_MATCH = YES;
				COPY_PHASE_STRIP = NO;
				DEBUG_INFORMATION_FORMAT = dwarf;
				ENABLE_STRICT_OBJC_MSGSEND = YES;
				ENABLE_TESTABILITY = YES;
				GCC_C_LANGUAGE_STANDARD = gnu11;
				GCC_DYNAMIC_NO_PIC = NO;
				GCC_NO_COMMON_BLOCKS = YES;
				GCC_OPTIMIZATION_LEVEL = 0;
				GCC_PREPROCESSOR_DEFINITIONS = (
					"DEBUG=1",
					"$(inherited)",
				);
				GCC_WARN_64_TO_32_BIT_CONVERSION = YES;
				GCC_WARN_ABOUT_RETURN_TYPE = YES_ERROR;
				GCC_WARN_UNDECLARED_SELECTOR = YES;
				GCC_WARN_UNINITIALIZED_AUTOS = YES_AGGRESSIVE;
				GCC_WARN_UNUSED_FUNCTION = YES;
				GCC_WARN_UNUSED_VARIABLE = YES;
				IPHONEOS_DEPLOYMENT_TARGET = 16.1;
				MTL_ENABLE_DEBUG_INFO = INCLUDE_SOURCE;
				MTL_FAST_MATH = YES;
				ONLY_ACTIVE_ARCH = YES;
				SDKROOT = iphoneos;
				SWIFT_ACTIVE_COMPILATION_CONDITIONS = DEBUG;
				SWIFT_OPTIMIZATION_LEVEL = "-Onone";
			};
			name = Debug;
		};
		F2A1619029227AF100260573 /* Release */ = {
			isa = XCBuildConfiguration;
			buildSettings = {
				ALWAYS_SEARCH_USER_PATHS = NO;
				CLANG_ANALYZER_NONNULL = YES;
				CLANG_ANALYZER_NUMBER_OBJECT_CONVERSION = YES_AGGRESSIVE;
				CLANG_CXX_LANGUAGE_STANDARD = "gnu++20";
				CLANG_ENABLE_MODULES = YES;
				CLANG_ENABLE_OBJC_ARC = YES;
				CLANG_ENABLE_OBJC_WEAK = YES;
				CLANG_WARN_BLOCK_CAPTURE_AUTORELEASING = YES;
				CLANG_WARN_BOOL_CONVERSION = YES;
				CLANG_WARN_COMMA = YES;
				CLANG_WARN_CONSTANT_CONVERSION = YES;
				CLANG_WARN_DEPRECATED_OBJC_IMPLEMENTATIONS = YES;
				CLANG_WARN_DIRECT_OBJC_ISA_USAGE = YES_ERROR;
				CLANG_WARN_DOCUMENTATION_COMMENTS = YES;
				CLANG_WARN_EMPTY_BODY = YES;
				CLANG_WARN_ENUM_CONVERSION = YES;
				CLANG_WARN_INFINITE_RECURSION = YES;
				CLANG_WARN_INT_CONVERSION = YES;
				CLANG_WARN_NON_LITERAL_NULL_CONVERSION = YES;
				CLANG_WARN_OBJC_IMPLICIT_RETAIN_SELF = YES;
				CLANG_WARN_OBJC_LITERAL_CONVERSION = YES;
				CLANG_WARN_OBJC_ROOT_CLASS = YES_ERROR;
				CLANG_WARN_QUOTED_INCLUDE_IN_FRAMEWORK_HEADER = YES;
				CLANG_WARN_RANGE_LOOP_ANALYSIS = YES;
				CLANG_WARN_STRICT_PROTOTYPES = YES;
				CLANG_WARN_SUSPICIOUS_MOVE = YES;
				CLANG_WARN_UNGUARDED_AVAILABILITY = YES_AGGRESSIVE;
				CLANG_WARN_UNREACHABLE_CODE = YES;
				CLANG_WARN__DUPLICATE_METHOD_MATCH = YES;
				COPY_PHASE_STRIP = NO;
				DEBUG_INFORMATION_FORMAT = "dwarf-with-dsym";
				ENABLE_NS_ASSERTIONS = NO;
				ENABLE_STRICT_OBJC_MSGSEND = YES;
				GCC_C_LANGUAGE_STANDARD = gnu11;
				GCC_NO_COMMON_BLOCKS = YES;
				GCC_WARN_64_TO_32_BIT_CONVERSION = YES;
				GCC_WARN_ABOUT_RETURN_TYPE = YES_ERROR;
				GCC_WARN_UNDECLARED_SELECTOR = YES;
				GCC_WARN_UNINITIALIZED_AUTOS = YES_AGGRESSIVE;
				GCC_WARN_UNUSED_FUNCTION = YES;
				GCC_WARN_UNUSED_VARIABLE = YES;
				IPHONEOS_DEPLOYMENT_TARGET = 16.1;
				MTL_ENABLE_DEBUG_INFO = NO;
				MTL_FAST_MATH = YES;
				SDKROOT = iphoneos;
				SWIFT_COMPILATION_MODE = wholemodule;
				SWIFT_OPTIMIZATION_LEVEL = "-O";
				VALIDATE_PRODUCT = YES;
			};
			name = Release;
		};
		F2A1619229227AF100260573 /* Debug */ = {
			isa = XCBuildConfiguration;
			baseConfigurationReference = C0EB27C180ACF5DA5BE36368 /* Pods-PokeApp.debug.xcconfig */;
			buildSettings = {
				ASSETCATALOG_COMPILER_APPICON_NAME = AppIcon;
				ASSETCATALOG_COMPILER_GLOBAL_ACCENT_COLOR_NAME = AccentColor;
				CODE_SIGN_STYLE = Automatic;
				CURRENT_PROJECT_VERSION = 1;
				GENERATE_INFOPLIST_FILE = YES;
				INFOPLIST_FILE = PokeApp/Info.plist;
				INFOPLIST_KEY_UIApplicationSupportsIndirectInputEvents = YES;
				INFOPLIST_KEY_UILaunchStoryboardName = LaunchScreen;
				INFOPLIST_KEY_UIMainStoryboardFile = Main;
				INFOPLIST_KEY_UISupportedInterfaceOrientations_iPad = "UIInterfaceOrientationPortrait UIInterfaceOrientationPortraitUpsideDown UIInterfaceOrientationLandscapeLeft UIInterfaceOrientationLandscapeRight";
				INFOPLIST_KEY_UISupportedInterfaceOrientations_iPhone = "UIInterfaceOrientationPortrait UIInterfaceOrientationLandscapeLeft UIInterfaceOrientationLandscapeRight";
				LD_RUNPATH_SEARCH_PATHS = (
					"$(inherited)",
					"@executable_path/Frameworks",
				);
				MARKETING_VERSION = 1.0;
				PRODUCT_BUNDLE_IDENTIFIER = illia.PokeApp;
				PRODUCT_NAME = "$(TARGET_NAME)";
				SWIFT_EMIT_LOC_STRINGS = YES;
				SWIFT_VERSION = 5.0;
				TARGETED_DEVICE_FAMILY = "1,2";
			};
			name = Debug;
		};
		F2A1619329227AF100260573 /* Release */ = {
			isa = XCBuildConfiguration;
			baseConfigurationReference = 15212CE593370650B777B302 /* Pods-PokeApp.release.xcconfig */;
			buildSettings = {
				ASSETCATALOG_COMPILER_APPICON_NAME = AppIcon;
				ASSETCATALOG_COMPILER_GLOBAL_ACCENT_COLOR_NAME = AccentColor;
				CODE_SIGN_STYLE = Automatic;
				CURRENT_PROJECT_VERSION = 1;
				GENERATE_INFOPLIST_FILE = YES;
				INFOPLIST_FILE = PokeApp/Info.plist;
				INFOPLIST_KEY_UIApplicationSupportsIndirectInputEvents = YES;
				INFOPLIST_KEY_UILaunchStoryboardName = LaunchScreen;
				INFOPLIST_KEY_UIMainStoryboardFile = Main;
				INFOPLIST_KEY_UISupportedInterfaceOrientations_iPad = "UIInterfaceOrientationPortrait UIInterfaceOrientationPortraitUpsideDown UIInterfaceOrientationLandscapeLeft UIInterfaceOrientationLandscapeRight";
				INFOPLIST_KEY_UISupportedInterfaceOrientations_iPhone = "UIInterfaceOrientationPortrait UIInterfaceOrientationLandscapeLeft UIInterfaceOrientationLandscapeRight";
				LD_RUNPATH_SEARCH_PATHS = (
					"$(inherited)",
					"@executable_path/Frameworks",
				);
				MARKETING_VERSION = 1.0;
				PRODUCT_BUNDLE_IDENTIFIER = illia.PokeApp;
				PRODUCT_NAME = "$(TARGET_NAME)";
				SWIFT_EMIT_LOC_STRINGS = YES;
				SWIFT_VERSION = 5.0;
				TARGETED_DEVICE_FAMILY = "1,2";
			};
			name = Release;
		};
		F2A1619529227AF100260573 /* Debug */ = {
			isa = XCBuildConfiguration;
			baseConfigurationReference = C26BB4CA6C2C839478404264 /* Pods-PokeAppTests.debug.xcconfig */;
			buildSettings = {
				ALWAYS_EMBED_SWIFT_STANDARD_LIBRARIES = YES;
				BUNDLE_LOADER = "$(TEST_HOST)";
				CODE_SIGN_STYLE = Automatic;
				CURRENT_PROJECT_VERSION = 1;
				GENERATE_INFOPLIST_FILE = YES;
				IPHONEOS_DEPLOYMENT_TARGET = 16.1;
				MARKETING_VERSION = 1.0;
				PRODUCT_BUNDLE_IDENTIFIER = illia.PokeAppTests;
				PRODUCT_NAME = "$(TARGET_NAME)";
				SWIFT_EMIT_LOC_STRINGS = NO;
				SWIFT_VERSION = 5.0;
				TARGETED_DEVICE_FAMILY = "1,2";
				TEST_HOST = "$(BUILT_PRODUCTS_DIR)/PokeApp.app/$(BUNDLE_EXECUTABLE_FOLDER_PATH)/PokeApp";
			};
			name = Debug;
		};
		F2A1619629227AF100260573 /* Release */ = {
			isa = XCBuildConfiguration;
			baseConfigurationReference = 6414318E9DCB798BAF92B285 /* Pods-PokeAppTests.release.xcconfig */;
			buildSettings = {
				ALWAYS_EMBED_SWIFT_STANDARD_LIBRARIES = YES;
				BUNDLE_LOADER = "$(TEST_HOST)";
				CODE_SIGN_STYLE = Automatic;
				CURRENT_PROJECT_VERSION = 1;
				GENERATE_INFOPLIST_FILE = YES;
				IPHONEOS_DEPLOYMENT_TARGET = 16.1;
				MARKETING_VERSION = 1.0;
				PRODUCT_BUNDLE_IDENTIFIER = illia.PokeAppTests;
				PRODUCT_NAME = "$(TARGET_NAME)";
				SWIFT_EMIT_LOC_STRINGS = NO;
				SWIFT_VERSION = 5.0;
				TARGETED_DEVICE_FAMILY = "1,2";
				TEST_HOST = "$(BUILT_PRODUCTS_DIR)/PokeApp.app/$(BUNDLE_EXECUTABLE_FOLDER_PATH)/PokeApp";
			};
			name = Release;
		};
		F2A1619829227AF100260573 /* Debug */ = {
			isa = XCBuildConfiguration;
			baseConfigurationReference = FA709651D2EAA04F7468A9BB /* Pods-PokeApp-PokeAppUITests.debug.xcconfig */;
			buildSettings = {
				ALWAYS_EMBED_SWIFT_STANDARD_LIBRARIES = YES;
				CODE_SIGN_STYLE = Automatic;
				CURRENT_PROJECT_VERSION = 1;
				GENERATE_INFOPLIST_FILE = YES;
				MARKETING_VERSION = 1.0;
				PRODUCT_BUNDLE_IDENTIFIER = illia.PokeAppUITests;
				PRODUCT_NAME = "$(TARGET_NAME)";
				SWIFT_EMIT_LOC_STRINGS = NO;
				SWIFT_VERSION = 5.0;
				TARGETED_DEVICE_FAMILY = "1,2";
				TEST_TARGET_NAME = PokeApp;
			};
			name = Debug;
		};
		F2A1619929227AF100260573 /* Release */ = {
			isa = XCBuildConfiguration;
			baseConfigurationReference = 84DF74E90AB65728E9C7D39D /* Pods-PokeApp-PokeAppUITests.release.xcconfig */;
			buildSettings = {
				ALWAYS_EMBED_SWIFT_STANDARD_LIBRARIES = YES;
				CODE_SIGN_STYLE = Automatic;
				CURRENT_PROJECT_VERSION = 1;
				GENERATE_INFOPLIST_FILE = YES;
				MARKETING_VERSION = 1.0;
				PRODUCT_BUNDLE_IDENTIFIER = illia.PokeAppUITests;
				PRODUCT_NAME = "$(TARGET_NAME)";
				SWIFT_EMIT_LOC_STRINGS = NO;
				SWIFT_VERSION = 5.0;
				TARGETED_DEVICE_FAMILY = "1,2";
				TEST_TARGET_NAME = PokeApp;
			};
			name = Release;
		};
/* End XCBuildConfiguration section */

/* Begin XCConfigurationList section */
		F2A1615F29227AEC00260573 /* Build configuration list for PBXProject "PokeApp" */ = {
			isa = XCConfigurationList;
			buildConfigurations = (
				F2A1618F29227AF100260573 /* Debug */,
				F2A1619029227AF100260573 /* Release */,
			);
			defaultConfigurationIsVisible = 0;
			defaultConfigurationName = Release;
		};
		F2A1619129227AF100260573 /* Build configuration list for PBXNativeTarget "PokeApp" */ = {
			isa = XCConfigurationList;
			buildConfigurations = (
				F2A1619229227AF100260573 /* Debug */,
				F2A1619329227AF100260573 /* Release */,
			);
			defaultConfigurationIsVisible = 0;
			defaultConfigurationName = Release;
		};
		F2A1619429227AF100260573 /* Build configuration list for PBXNativeTarget "PokeAppTests" */ = {
			isa = XCConfigurationList;
			buildConfigurations = (
				F2A1619529227AF100260573 /* Debug */,
				F2A1619629227AF100260573 /* Release */,
			);
			defaultConfigurationIsVisible = 0;
			defaultConfigurationName = Release;
		};
		F2A1619729227AF100260573 /* Build configuration list for PBXNativeTarget "PokeAppUITests" */ = {
			isa = XCConfigurationList;
			buildConfigurations = (
				F2A1619829227AF100260573 /* Debug */,
				F2A1619929227AF100260573 /* Release */,
			);
			defaultConfigurationIsVisible = 0;
			defaultConfigurationName = Release;
		};
/* End XCConfigurationList section */

/* Begin XCVersionGroup section */
		F2F543542922E13C00EBB299 /* PokemonDataModel.xcdatamodeld */ = {
			isa = XCVersionGroup;
			children = (
				F2F543552922E13C00EBB299 /* Model.xcdatamodel */,
			);
			currentVersion = F2F543552922E13C00EBB299 /* Model.xcdatamodel */;
			path = PokemonDataModel.xcdatamodeld;
			sourceTree = "<group>";
			versionGroupType = wrapper.xcdatamodel;
		};
		F2F5436B2922F0C200EBB299 /* PokemonCoreDataModel.xcdatamodeld */ = {
			isa = XCVersionGroup;
			children = (
				F2F5436C2922F0C200EBB299 /* PokemonCoreDataModel.xcdatamodel */,
			);
			currentVersion = F2F5436C2922F0C200EBB299 /* PokemonCoreDataModel.xcdatamodel */;
			path = PokemonCoreDataModel.xcdatamodeld;
			sourceTree = "<group>";
			versionGroupType = wrapper.xcdatamodel;
		};
/* End XCVersionGroup section */
	};
	rootObject = F2A1615C29227AEC00260573 /* Project object */;
}
